// !$*UTF8*$!
{
	archiveVersion = 1;
	classes = {
	};
	objectVersion = 55;
	objects = {

/* Begin PBXBuildFile section */
		3805A80028A264DF009A34A3 /* AppDelegate.swift in Sources */ = {isa = PBXBuildFile; fileRef = 3805A7FF28A264DF009A34A3 /* AppDelegate.swift */; };
		3805A80228A264DF009A34A3 /* SceneDelegate.swift in Sources */ = {isa = PBXBuildFile; fileRef = 3805A80128A264DF009A34A3 /* SceneDelegate.swift */; };
		3805A80928A264E0009A34A3 /* Assets.xcassets in Resources */ = {isa = PBXBuildFile; fileRef = 3805A80828A264E0009A34A3 /* Assets.xcassets */; };
		3805A80C28A264E0009A34A3 /* LaunchScreen.storyboard in Resources */ = {isa = PBXBuildFile; fileRef = 3805A80A28A264E0009A34A3 /* LaunchScreen.storyboard */; };
		3805A81928A2973F009A34A3 /* UIColor+.swift in Sources */ = {isa = PBXBuildFile; fileRef = 3805A81828A2973F009A34A3 /* UIColor+.swift */; };
		3805A88F28A3645F009A34A3 /* ButtonViewController.swift in Sources */ = {isa = PBXBuildFile; fileRef = 3805A88E28A3645F009A34A3 /* ButtonViewController.swift */; };
		3805A89128A36B5A009A34A3 /* VRView.storyboard in Resources */ = {isa = PBXBuildFile; fileRef = 3805A89028A36B5A009A34A3 /* VRView.storyboard */; };
		3805A89328A36B68009A34A3 /* VRViewController.swift in Sources */ = {isa = PBXBuildFile; fileRef = 3805A89228A36B68009A34A3 /* VRViewController.swift */; };
		3805A89B28A38C63009A34A3 /* testImage.jpg in Resources */ = {isa = PBXBuildFile; fileRef = 3805A89A28A38C63009A34A3 /* testImage.jpg */; };
		380DC75B2927321200BA93E6 /* ScrollViewController.swift in Sources */ = {isa = PBXBuildFile; fileRef = 380DC75A2927321200BA93E6 /* ScrollViewController.swift */; };
		381AB43A291141EB00620635 /* GotoView.swift in Sources */ = {isa = PBXBuildFile; fileRef = 381AB439291141EB00620635 /* GotoView.swift */; };
		381AB43C2911420C00620635 /* GotoSomewhereButton.swift in Sources */ = {isa = PBXBuildFile; fileRef = 381AB43B2911420C00620635 /* GotoSomewhereButton.swift */; };
		381AB43F2911423F00620635 /* GotoNewsViewController.swift in Sources */ = {isa = PBXBuildFile; fileRef = 381AB43E2911423F00620635 /* GotoNewsViewController.swift */; };
		381AB44329115DBF00620635 /* Lottie in Frameworks */ = {isa = PBXBuildFile; productRef = 381AB44229115DBF00620635 /* Lottie */; };
		381AB44529115E8200620635 /* mp4TempFile.json in Resources */ = {isa = PBXBuildFile; fileRef = 381AB44429115E8200620635 /* mp4TempFile.json */; };
		384DF05229447FBE005C31D8 /* BubblePickerViewController.swift in Sources */ = {isa = PBXBuildFile; fileRef = 384DF05129447FBE005C31D8 /* BubblePickerViewController.swift */; };
		384DF05629448171005C31D8 /* SIFloatingCollectionScene.swift in Sources */ = {isa = PBXBuildFile; fileRef = 384DF05529448171005C31D8 /* SIFloatingCollectionScene.swift */; };
		384DF05829448187005C31D8 /* SIFloatingNode.swift in Sources */ = {isa = PBXBuildFile; fileRef = 384DF05729448187005C31D8 /* SIFloatingNode.swift */; };
		384DF05A294481DB005C31D8 /* BubbleNode.swift in Sources */ = {isa = PBXBuildFile; fileRef = 384DF059294481DB005C31D8 /* BubbleNode.swift */; };
		384DF05C294481EF005C31D8 /* BubbleScene.swift in Sources */ = {isa = PBXBuildFile; fileRef = 384DF05B294481EF005C31D8 /* BubbleScene.swift */; };
		3851FBFE291297B600CF3E89 /* DaBuSoonDaButton.swift in Sources */ = {isa = PBXBuildFile; fileRef = 3851FBFD291297B600CF3E89 /* DaBuSoonDaButton.swift */; };
		3851FC012912984900CF3E89 /* DaBuSoonDaViewController.swift in Sources */ = {isa = PBXBuildFile; fileRef = 3851FC002912984900CF3E89 /* DaBuSoonDaViewController.swift */; };
		389B57A4290994BB0067620A /* AddImageCollectionViewCell.swift in Sources */ = {isa = PBXBuildFile; fileRef = 389B57A3290994BB0067620A /* AddImageCollectionViewCell.swift */; };
		38EDAA45292D2174007EFFA4 /* ChooseInterestViewController.swift in Sources */ = {isa = PBXBuildFile; fileRef = 38EDAA44292D2174007EFFA4 /* ChooseInterestViewController.swift */; };
		38EDAA4A292D32EA007EFFA4 /* CategoryComponent.swift in Sources */ = {isa = PBXBuildFile; fileRef = 38EDAA49292D32EA007EFFA4 /* CategoryComponent.swift */; };
		38EE2E01291B325200C3AE0C /* UIViewController+.swift in Sources */ = {isa = PBXBuildFile; fileRef = 38EE2E00291B325200C3AE0C /* UIViewController+.swift */; };
		38EF7C622938D32C00347DE4 /* PageControlViewController.swift in Sources */ = {isa = PBXBuildFile; fileRef = 38EF7C612938D32C00347DE4 /* PageControlViewController.swift */; };
		38EF7C68293B429F00347DE4 /* SelectUIViewViewController.swift in Sources */ = {isa = PBXBuildFile; fileRef = 38EF7C67293B429F00347DE4 /* SelectUIViewViewController.swift */; };
		38EF7C6B293EC0E000347DE4 /* PenGestureViewController.swift in Sources */ = {isa = PBXBuildFile; fileRef = 38EF7C6A293EC0E000347DE4 /* PenGestureViewController.swift */; };
		38EF7C6F293ECB3200347DE4 /* ScrollAndButtonViewController.swift in Sources */ = {isa = PBXBuildFile; fileRef = 38EF7C6E293ECB3200347DE4 /* ScrollAndButtonViewController.swift */; };
		A77F46DC2901924C00BE8815 /* NewsFeedsViewController.swift in Sources */ = {isa = PBXBuildFile; fileRef = A77F46DB2901924C00BE8815 /* NewsFeedsViewController.swift */; };
		A77F46DE2901926400BE8815 /* NewsFeedsCollectionViewCell.swift in Sources */ = {isa = PBXBuildFile; fileRef = A77F46DD2901926400BE8815 /* NewsFeedsCollectionViewCell.swift */; };
		A7DD1A2728FEAE8A0031841E /* CollectionViewController.swift in Sources */ = {isa = PBXBuildFile; fileRef = A7DD1A2628FEAE8A0031841E /* CollectionViewController.swift */; };
		A7DD1A2928FEBE1E0031841E /* CollectionViewCell.swift in Sources */ = {isa = PBXBuildFile; fileRef = A7DD1A2828FEBE1E0031841E /* CollectionViewCell.swift */; };
		A7DD1A3228FFF0760031841E /* UIView+Constraints.swift in Sources */ = {isa = PBXBuildFile; fileRef = A7DD1A3128FFF0760031841E /* UIView+Constraints.swift */; };
/* End PBXBuildFile section */

/* Begin PBXFileReference section */
		3805A7FC28A264DF009A34A3 /* UIKitDev_New.app */ = {isa = PBXFileReference; explicitFileType = wrapper.application; includeInIndex = 0; path = UIKitDev_New.app; sourceTree = BUILT_PRODUCTS_DIR; };
		3805A7FF28A264DF009A34A3 /* AppDelegate.swift */ = {isa = PBXFileReference; lastKnownFileType = sourcecode.swift; path = AppDelegate.swift; sourceTree = "<group>"; };
		3805A80128A264DF009A34A3 /* SceneDelegate.swift */ = {isa = PBXFileReference; lastKnownFileType = sourcecode.swift; path = SceneDelegate.swift; sourceTree = "<group>"; };
		3805A80828A264E0009A34A3 /* Assets.xcassets */ = {isa = PBXFileReference; lastKnownFileType = folder.assetcatalog; path = Assets.xcassets; sourceTree = "<group>"; };
		3805A80B28A264E0009A34A3 /* Base */ = {isa = PBXFileReference; lastKnownFileType = file.storyboard; name = Base; path = Base.lproj/LaunchScreen.storyboard; sourceTree = "<group>"; };
		3805A80D28A264E0009A34A3 /* Info.plist */ = {isa = PBXFileReference; lastKnownFileType = text.plist.xml; path = Info.plist; sourceTree = "<group>"; };
		3805A81828A2973F009A34A3 /* UIColor+.swift */ = {isa = PBXFileReference; lastKnownFileType = sourcecode.swift; path = "UIColor+.swift"; sourceTree = "<group>"; };
		3805A88E28A3645F009A34A3 /* ButtonViewController.swift */ = {isa = PBXFileReference; lastKnownFileType = sourcecode.swift; path = ButtonViewController.swift; sourceTree = "<group>"; };
		3805A89028A36B5A009A34A3 /* VRView.storyboard */ = {isa = PBXFileReference; lastKnownFileType = file.storyboard; path = VRView.storyboard; sourceTree = "<group>"; };
		3805A89228A36B68009A34A3 /* VRViewController.swift */ = {isa = PBXFileReference; lastKnownFileType = sourcecode.swift; path = VRViewController.swift; sourceTree = "<group>"; };
		3805A89A28A38C63009A34A3 /* testImage.jpg */ = {isa = PBXFileReference; lastKnownFileType = image.jpeg; path = testImage.jpg; sourceTree = "<group>"; };
		380DC75A2927321200BA93E6 /* ScrollViewController.swift */ = {isa = PBXFileReference; lastKnownFileType = sourcecode.swift; path = ScrollViewController.swift; sourceTree = "<group>"; };
		381AB439291141EB00620635 /* GotoView.swift */ = {isa = PBXFileReference; lastKnownFileType = sourcecode.swift; path = GotoView.swift; sourceTree = "<group>"; };
		381AB43B2911420C00620635 /* GotoSomewhereButton.swift */ = {isa = PBXFileReference; lastKnownFileType = sourcecode.swift; path = GotoSomewhereButton.swift; sourceTree = "<group>"; };
		381AB43E2911423F00620635 /* GotoNewsViewController.swift */ = {isa = PBXFileReference; lastKnownFileType = sourcecode.swift; path = GotoNewsViewController.swift; sourceTree = "<group>"; };
		381AB44429115E8200620635 /* mp4TempFile.json */ = {isa = PBXFileReference; fileEncoding = 4; lastKnownFileType = text.json; path = mp4TempFile.json; sourceTree = "<group>"; };
		384DF05129447FBE005C31D8 /* BubblePickerViewController.swift */ = {isa = PBXFileReference; lastKnownFileType = sourcecode.swift; path = BubblePickerViewController.swift; sourceTree = "<group>"; };
		384DF05529448171005C31D8 /* SIFloatingCollectionScene.swift */ = {isa = PBXFileReference; lastKnownFileType = sourcecode.swift; path = SIFloatingCollectionScene.swift; sourceTree = "<group>"; };
		384DF05729448187005C31D8 /* SIFloatingNode.swift */ = {isa = PBXFileReference; lastKnownFileType = sourcecode.swift; path = SIFloatingNode.swift; sourceTree = "<group>"; };
		384DF059294481DB005C31D8 /* BubbleNode.swift */ = {isa = PBXFileReference; lastKnownFileType = sourcecode.swift; path = BubbleNode.swift; sourceTree = "<group>"; };
		384DF05B294481EF005C31D8 /* BubbleScene.swift */ = {isa = PBXFileReference; lastKnownFileType = sourcecode.swift; path = BubbleScene.swift; sourceTree = "<group>"; };
		3851FBFD291297B600CF3E89 /* DaBuSoonDaButton.swift */ = {isa = PBXFileReference; lastKnownFileType = sourcecode.swift; path = DaBuSoonDaButton.swift; sourceTree = "<group>"; };
		3851FC002912984900CF3E89 /* DaBuSoonDaViewController.swift */ = {isa = PBXFileReference; lastKnownFileType = sourcecode.swift; path = DaBuSoonDaViewController.swift; sourceTree = "<group>"; };
		389B57A3290994BB0067620A /* AddImageCollectionViewCell.swift */ = {isa = PBXFileReference; lastKnownFileType = sourcecode.swift; path = AddImageCollectionViewCell.swift; sourceTree = "<group>"; };
		38EDAA44292D2174007EFFA4 /* ChooseInterestViewController.swift */ = {isa = PBXFileReference; lastKnownFileType = sourcecode.swift; path = ChooseInterestViewController.swift; sourceTree = "<group>"; };
		38EDAA49292D32EA007EFFA4 /* CategoryComponent.swift */ = {isa = PBXFileReference; lastKnownFileType = sourcecode.swift; path = CategoryComponent.swift; sourceTree = "<group>"; };
		38EE2E00291B325200C3AE0C /* UIViewController+.swift */ = {isa = PBXFileReference; lastKnownFileType = sourcecode.swift; path = "UIViewController+.swift"; sourceTree = "<group>"; };
		38EF7C612938D32C00347DE4 /* PageControlViewController.swift */ = {isa = PBXFileReference; lastKnownFileType = sourcecode.swift; path = PageControlViewController.swift; sourceTree = "<group>"; };
		38EF7C67293B429F00347DE4 /* SelectUIViewViewController.swift */ = {isa = PBXFileReference; lastKnownFileType = sourcecode.swift; path = SelectUIViewViewController.swift; sourceTree = "<group>"; };
		38EF7C6A293EC0E000347DE4 /* PenGestureViewController.swift */ = {isa = PBXFileReference; lastKnownFileType = sourcecode.swift; path = PenGestureViewController.swift; sourceTree = "<group>"; };
		38EF7C6E293ECB3200347DE4 /* ScrollAndButtonViewController.swift */ = {isa = PBXFileReference; lastKnownFileType = sourcecode.swift; path = ScrollAndButtonViewController.swift; sourceTree = "<group>"; };
		A77F46DB2901924C00BE8815 /* NewsFeedsViewController.swift */ = {isa = PBXFileReference; lastKnownFileType = sourcecode.swift; path = NewsFeedsViewController.swift; sourceTree = "<group>"; };
		A77F46DD2901926400BE8815 /* NewsFeedsCollectionViewCell.swift */ = {isa = PBXFileReference; lastKnownFileType = sourcecode.swift; path = NewsFeedsCollectionViewCell.swift; sourceTree = "<group>"; };
		A7DD1A2628FEAE8A0031841E /* CollectionViewController.swift */ = {isa = PBXFileReference; lastKnownFileType = sourcecode.swift; path = CollectionViewController.swift; sourceTree = "<group>"; };
		A7DD1A2828FEBE1E0031841E /* CollectionViewCell.swift */ = {isa = PBXFileReference; lastKnownFileType = sourcecode.swift; path = CollectionViewCell.swift; sourceTree = "<group>"; };
		A7DD1A3128FFF0760031841E /* UIView+Constraints.swift */ = {isa = PBXFileReference; lastKnownFileType = sourcecode.swift; path = "UIView+Constraints.swift"; sourceTree = "<group>"; };
/* End PBXFileReference section */

/* Begin PBXFrameworksBuildPhase section */
		3805A7F928A264DF009A34A3 /* Frameworks */ = {
			isa = PBXFrameworksBuildPhase;
			buildActionMask = 2147483647;
			files = (
				381AB44329115DBF00620635 /* Lottie in Frameworks */,
			);
			runOnlyForDeploymentPostprocessing = 0;
		};
/* End PBXFrameworksBuildPhase section */

/* Begin PBXGroup section */
		3805A7F328A264DF009A34A3 = {
			isa = PBXGroup;
			children = (
				3805A7FE28A264DF009A34A3 /* UIKitDev_New */,
				3805A7FD28A264DF009A34A3 /* Products */,
			);
			sourceTree = "<group>";
		};
		3805A7FD28A264DF009A34A3 /* Products */ = {
			isa = PBXGroup;
			children = (
				3805A7FC28A264DF009A34A3 /* UIKitDev_New.app */,
			);
			name = Products;
			sourceTree = "<group>";
		};
		3805A7FE28A264DF009A34A3 /* UIKitDev_New */ = {
			isa = PBXGroup;
			children = (
				3805A81428A26644009A34A3 /* Screens */,
				3805A81328A26640009A34A3 /* Global */,
				3805A7FF28A264DF009A34A3 /* AppDelegate.swift */,
				3805A80128A264DF009A34A3 /* SceneDelegate.swift */,
				3805A80828A264E0009A34A3 /* Assets.xcassets */,
				3805A80A28A264E0009A34A3 /* LaunchScreen.storyboard */,
				3805A80D28A264E0009A34A3 /* Info.plist */,
			);
			path = UIKitDev_New;
			sourceTree = "<group>";
		};
		3805A81328A26640009A34A3 /* Global */ = {
			isa = PBXGroup;
			children = (
				3805A81728A2972A009A34A3 /* Extensions */,
			);
			path = Global;
			sourceTree = "<group>";
		};
		3805A81428A26644009A34A3 /* Screens */ = {
			isa = PBXGroup;
			children = (
				384DF05029447FA8005C31D8 /* SpriteKit */,
				38EF7C6C293ECB1600347DE4 /* ScrollAndButton */,
				38EF7C69293EC0CE00347DE4 /* PenGestureView */,
				38EF7C66293B428900347DE4 /* SelectUIView */,
				38EF7C602938D31100347DE4 /* pageControl */,
				38EDAA43292D2163007EFFA4 /* BigScroll */,
				380DC759292731FA00BA93E6 /* scrollview */,
				38EE2DFF291B324400C3AE0C /* AlertCustom */,
				3851FBFC2912979D00CF3E89 /* UIButton */,
				381AB43D2911421700620635 /* NewsDrawerView */,
				A77F46DA2901922200BE8815 /* NewsFeeds */,
				A7DD1A2528FEAE6E0031841E /* DynamicCollectionView */,
				A7DD1A2428FEAE570031841E /* ARKit */,
			);
			path = Screens;
			sourceTree = "<group>";
		};
		3805A81728A2972A009A34A3 /* Extensions */ = {
			isa = PBXGroup;
			children = (
				3805A81828A2973F009A34A3 /* UIColor+.swift */,
				A7DD1A3128FFF0760031841E /* UIView+Constraints.swift */,
			);
			path = Extensions;
			sourceTree = "<group>";
		};
		380DC759292731FA00BA93E6 /* scrollview */ = {
			isa = PBXGroup;
			children = (
				380DC75A2927321200BA93E6 /* ScrollViewController.swift */,
			);
			path = scrollview;
			sourceTree = "<group>";
		};
		381AB43D2911421700620635 /* NewsDrawerView */ = {
			isa = PBXGroup;
			children = (
				381AB44429115E8200620635 /* mp4TempFile.json */,
				381AB4402911424200620635 /* Componenets */,
				381AB43E2911423F00620635 /* GotoNewsViewController.swift */,
			);
			path = NewsDrawerView;
			sourceTree = "<group>";
		};
		381AB4402911424200620635 /* Componenets */ = {
			isa = PBXGroup;
			children = (
				381AB439291141EB00620635 /* GotoView.swift */,
				381AB43B2911420C00620635 /* GotoSomewhereButton.swift */,
			);
			path = Componenets;
			sourceTree = "<group>";
		};
		384DF05029447FA8005C31D8 /* SpriteKit */ = {
			isa = PBXGroup;
			children = (
				384DF05429448067005C31D8 /* BubbleNode */,
				384DF05329448038005C31D8 /* SIFloatingScene */,
				384DF05129447FBE005C31D8 /* BubblePickerViewController.swift */,
			);
			path = SpriteKit;
			sourceTree = "<group>";
		};
		384DF05329448038005C31D8 /* SIFloatingScene */ = {
			isa = PBXGroup;
			children = (
				384DF05529448171005C31D8 /* SIFloatingCollectionScene.swift */,
				384DF05729448187005C31D8 /* SIFloatingNode.swift */,
			);
			path = SIFloatingScene;
			sourceTree = "<group>";
		};
		384DF05429448067005C31D8 /* BubbleNode */ = {
			isa = PBXGroup;
			children = (
				384DF059294481DB005C31D8 /* BubbleNode.swift */,
				384DF05B294481EF005C31D8 /* BubbleScene.swift */,
			);
			path = BubbleNode;
			sourceTree = "<group>";
		};
		3851FBFC2912979D00CF3E89 /* UIButton */ = {
			isa = PBXGroup;
			children = (
				3851FBFD291297B600CF3E89 /* DaBuSoonDaButton.swift */,
				3851FC002912984900CF3E89 /* DaBuSoonDaViewController.swift */,
			);
			path = UIButton;
			sourceTree = "<group>";
		};
		38EDAA43292D2163007EFFA4 /* BigScroll */ = {
			isa = PBXGroup;
			children = (
				38EDAA44292D2174007EFFA4 /* ChooseInterestViewController.swift */,
				38EDAA49292D32EA007EFFA4 /* CategoryComponent.swift */,
			);
			path = BigScroll;
			sourceTree = "<group>";
		};
		38EE2DFF291B324400C3AE0C /* AlertCustom */ = {
			isa = PBXGroup;
			children = (
				38EE2E00291B325200C3AE0C /* UIViewController+.swift */,
			);
			path = AlertCustom;
			sourceTree = "<group>";
		};
		38EF7C602938D31100347DE4 /* pageControl */ = {
			isa = PBXGroup;
			children = (
				38EF7C612938D32C00347DE4 /* PageControlViewController.swift */,
			);
			path = pageControl;
			sourceTree = "<group>";
		};
		38EF7C66293B428900347DE4 /* SelectUIView */ = {
			isa = PBXGroup;
			children = (
				38EF7C67293B429F00347DE4 /* SelectUIViewViewController.swift */,
			);
			path = SelectUIView;
			sourceTree = "<group>";
		};
		38EF7C69293EC0CE00347DE4 /* PenGestureView */ = {
			isa = PBXGroup;
			children = (
				38EF7C6A293EC0E000347DE4 /* PenGestureViewController.swift */,
			);
			path = PenGestureView;
			sourceTree = "<group>";
		};
		38EF7C6C293ECB1600347DE4 /* ScrollAndButton */ = {
			isa = PBXGroup;
			children = (
				38EF7C6E293ECB3200347DE4 /* ScrollAndButtonViewController.swift */,
			);
			path = ScrollAndButton;
			sourceTree = "<group>";
		};
		A77F46DA2901922200BE8815 /* NewsFeeds */ = {
			isa = PBXGroup;
			children = (
				A77F46DB2901924C00BE8815 /* NewsFeedsViewController.swift */,
				A77F46DD2901926400BE8815 /* NewsFeedsCollectionViewCell.swift */,
				389B57A3290994BB0067620A /* AddImageCollectionViewCell.swift */,
			);
			path = NewsFeeds;
			sourceTree = "<group>";
		};
		A7DD1A2428FEAE570031841E /* ARKit */ = {
			isa = PBXGroup;
			children = (
				3805A88E28A3645F009A34A3 /* ButtonViewController.swift */,
				3805A89228A36B68009A34A3 /* VRViewController.swift */,
				3805A89028A36B5A009A34A3 /* VRView.storyboard */,
				3805A89A28A38C63009A34A3 /* testImage.jpg */,
			);
			path = ARKit;
			sourceTree = "<group>";
		};
		A7DD1A2528FEAE6E0031841E /* DynamicCollectionView */ = {
			isa = PBXGroup;
			children = (
				A7DD1A2628FEAE8A0031841E /* CollectionViewController.swift */,
				A7DD1A2828FEBE1E0031841E /* CollectionViewCell.swift */,
			);
			path = DynamicCollectionView;
			sourceTree = "<group>";
		};
/* End PBXGroup section */

/* Begin PBXNativeTarget section */
		3805A7FB28A264DF009A34A3 /* UIKitDev_New */ = {
			isa = PBXNativeTarget;
			buildConfigurationList = 3805A81028A264E0009A34A3 /* Build configuration list for PBXNativeTarget "UIKitDev_New" */;
			buildPhases = (
				3805A7F828A264DF009A34A3 /* Sources */,
				3805A7F928A264DF009A34A3 /* Frameworks */,
				3805A7FA28A264DF009A34A3 /* Resources */,
			);
			buildRules = (
			);
			dependencies = (
			);
			name = UIKitDev_New;
			packageProductDependencies = (
				381AB44229115DBF00620635 /* Lottie */,
			);
			productName = UIKitDev_New;
			productReference = 3805A7FC28A264DF009A34A3 /* UIKitDev_New.app */;
			productType = "com.apple.product-type.application";
		};
/* End PBXNativeTarget section */

/* Begin PBXProject section */
		3805A7F428A264DF009A34A3 /* Project object */ = {
			isa = PBXProject;
			attributes = {
				BuildIndependentTargetsInParallel = 1;
				LastSwiftUpdateCheck = 1340;
				LastUpgradeCheck = 1340;
				TargetAttributes = {
					3805A7FB28A264DF009A34A3 = {
						CreatedOnToolsVersion = 13.4.1;
					};
				};
			};
			buildConfigurationList = 3805A7F728A264DF009A34A3 /* Build configuration list for PBXProject "UIKitDev_New" */;
			compatibilityVersion = "Xcode 13.0";
			developmentRegion = en;
			hasScannedForEncodings = 0;
			knownRegions = (
				en,
				Base,
			);
			mainGroup = 3805A7F328A264DF009A34A3;
			packageReferences = (
				381AB44129115DBF00620635 /* XCRemoteSwiftPackageReference "lottie-ios" */,
			);
			productRefGroup = 3805A7FD28A264DF009A34A3 /* Products */;
			projectDirPath = "";
			projectRoot = "";
			targets = (
				3805A7FB28A264DF009A34A3 /* UIKitDev_New */,
			);
		};
/* End PBXProject section */

/* Begin PBXResourcesBuildPhase section */
		3805A7FA28A264DF009A34A3 /* Resources */ = {
			isa = PBXResourcesBuildPhase;
			buildActionMask = 2147483647;
			files = (
				3805A80C28A264E0009A34A3 /* LaunchScreen.storyboard in Resources */,
				3805A89B28A38C63009A34A3 /* testImage.jpg in Resources */,
				3805A89128A36B5A009A34A3 /* VRView.storyboard in Resources */,
				381AB44529115E8200620635 /* mp4TempFile.json in Resources */,
				3805A80928A264E0009A34A3 /* Assets.xcassets in Resources */,
			);
			runOnlyForDeploymentPostprocessing = 0;
		};
/* End PBXResourcesBuildPhase section */

/* Begin PBXSourcesBuildPhase section */
		3805A7F828A264DF009A34A3 /* Sources */ = {
			isa = PBXSourcesBuildPhase;
			buildActionMask = 2147483647;
			files = (
				384DF05229447FBE005C31D8 /* BubblePickerViewController.swift in Sources */,
				3805A88F28A3645F009A34A3 /* ButtonViewController.swift in Sources */,
				A77F46DE2901926400BE8815 /* NewsFeedsCollectionViewCell.swift in Sources */,
				384DF05C294481EF005C31D8 /* BubbleScene.swift in Sources */,
				381AB43C2911420C00620635 /* GotoSomewhereButton.swift in Sources */,
				38EF7C6F293ECB3200347DE4 /* ScrollAndButtonViewController.swift in Sources */,
				38EF7C622938D32C00347DE4 /* PageControlViewController.swift in Sources */,
				3805A80028A264DF009A34A3 /* AppDelegate.swift in Sources */,
				A7DD1A2728FEAE8A0031841E /* CollectionViewController.swift in Sources */,
				389B57A4290994BB0067620A /* AddImageCollectionViewCell.swift in Sources */,
				384DF05A294481DB005C31D8 /* BubbleNode.swift in Sources */,
				38EE2E01291B325200C3AE0C /* UIViewController+.swift in Sources */,
				38EDAA4A292D32EA007EFFA4 /* CategoryComponent.swift in Sources */,
				384DF05829448187005C31D8 /* SIFloatingNode.swift in Sources */,
				A7DD1A2928FEBE1E0031841E /* CollectionViewCell.swift in Sources */,
				A77F46DC2901924C00BE8815 /* NewsFeedsViewController.swift in Sources */,
				3851FC012912984900CF3E89 /* DaBuSoonDaViewController.swift in Sources */,
				38EF7C68293B429F00347DE4 /* SelectUIViewViewController.swift in Sources */,
				3851FBFE291297B600CF3E89 /* DaBuSoonDaButton.swift in Sources */,
				38EDAA45292D2174007EFFA4 /* ChooseInterestViewController.swift in Sources */,
				38EF7C6B293EC0E000347DE4 /* PenGestureViewController.swift in Sources */,
				381AB43F2911423F00620635 /* GotoNewsViewController.swift in Sources */,
				3805A80228A264DF009A34A3 /* SceneDelegate.swift in Sources */,
				380DC75B2927321200BA93E6 /* ScrollViewController.swift in Sources */,
				3805A81928A2973F009A34A3 /* UIColor+.swift in Sources */,
				381AB43A291141EB00620635 /* GotoView.swift in Sources */,
				3805A89328A36B68009A34A3 /* VRViewController.swift in Sources */,
				384DF05629448171005C31D8 /* SIFloatingCollectionScene.swift in Sources */,
				A7DD1A3228FFF0760031841E /* UIView+Constraints.swift in Sources */,
			);
			runOnlyForDeploymentPostprocessing = 0;
		};
/* End PBXSourcesBuildPhase section */

/* Begin PBXVariantGroup section */
		3805A80A28A264E0009A34A3 /* LaunchScreen.storyboard */ = {
			isa = PBXVariantGroup;
			children = (
				3805A80B28A264E0009A34A3 /* Base */,
			);
			name = LaunchScreen.storyboard;
			sourceTree = "<group>";
		};
/* End PBXVariantGroup section */

/* Begin XCBuildConfiguration section */
		3805A80E28A264E0009A34A3 /* Debug */ = {
			isa = XCBuildConfiguration;
			buildSettings = {
				ALWAYS_SEARCH_USER_PATHS = NO;
				CLANG_ANALYZER_NONNULL = YES;
				CLANG_ANALYZER_NUMBER_OBJECT_CONVERSION = YES_AGGRESSIVE;
				CLANG_CXX_LANGUAGE_STANDARD = "gnu++17";
				CLANG_ENABLE_MODULES = YES;
				CLANG_ENABLE_OBJC_ARC = YES;
				CLANG_ENABLE_OBJC_WEAK = YES;
				CLANG_WARN_BLOCK_CAPTURE_AUTORELEASING = YES;
				CLANG_WARN_BOOL_CONVERSION = YES;
				CLANG_WARN_COMMA = YES;
				CLANG_WARN_CONSTANT_CONVERSION = YES;
				CLANG_WARN_DEPRECATED_OBJC_IMPLEMENTATIONS = YES;
				CLANG_WARN_DIRECT_OBJC_ISA_USAGE = YES_ERROR;
				CLANG_WARN_DOCUMENTATION_COMMENTS = YES;
				CLANG_WARN_EMPTY_BODY = YES;
				CLANG_WARN_ENUM_CONVERSION = YES;
				CLANG_WARN_INFINITE_RECURSION = YES;
				CLANG_WARN_INT_CONVERSION = YES;
				CLANG_WARN_NON_LITERAL_NULL_CONVERSION = YES;
				CLANG_WARN_OBJC_IMPLICIT_RETAIN_SELF = YES;
				CLANG_WARN_OBJC_LITERAL_CONVERSION = YES;
				CLANG_WARN_OBJC_ROOT_CLASS = YES_ERROR;
				CLANG_WARN_QUOTED_INCLUDE_IN_FRAMEWORK_HEADER = YES;
				CLANG_WARN_RANGE_LOOP_ANALYSIS = YES;
				CLANG_WARN_STRICT_PROTOTYPES = YES;
				CLANG_WARN_SUSPICIOUS_MOVE = YES;
				CLANG_WARN_UNGUARDED_AVAILABILITY = YES_AGGRESSIVE;
				CLANG_WARN_UNREACHABLE_CODE = YES;
				CLANG_WARN__DUPLICATE_METHOD_MATCH = YES;
				COPY_PHASE_STRIP = NO;
				DEBUG_INFORMATION_FORMAT = dwarf;
				ENABLE_STRICT_OBJC_MSGSEND = YES;
				ENABLE_TESTABILITY = YES;
				GCC_C_LANGUAGE_STANDARD = gnu11;
				GCC_DYNAMIC_NO_PIC = NO;
				GCC_NO_COMMON_BLOCKS = YES;
				GCC_OPTIMIZATION_LEVEL = 0;
				GCC_PREPROCESSOR_DEFINITIONS = (
					"DEBUG=1",
					"$(inherited)",
				);
				GCC_WARN_64_TO_32_BIT_CONVERSION = YES;
				GCC_WARN_ABOUT_RETURN_TYPE = YES_ERROR;
				GCC_WARN_UNDECLARED_SELECTOR = YES;
				GCC_WARN_UNINITIALIZED_AUTOS = YES_AGGRESSIVE;
				GCC_WARN_UNUSED_FUNCTION = YES;
				GCC_WARN_UNUSED_VARIABLE = YES;
				IPHONEOS_DEPLOYMENT_TARGET = 15.5;
				MTL_ENABLE_DEBUG_INFO = INCLUDE_SOURCE;
				MTL_FAST_MATH = YES;
				ONLY_ACTIVE_ARCH = YES;
				SDKROOT = iphoneos;
				SWIFT_ACTIVE_COMPILATION_CONDITIONS = DEBUG;
				SWIFT_OPTIMIZATION_LEVEL = "-Onone";
			};
			name = Debug;
		};
		3805A80F28A264E0009A34A3 /* Release */ = {
			isa = XCBuildConfiguration;
			buildSettings = {
				ALWAYS_SEARCH_USER_PATHS = NO;
				CLANG_ANALYZER_NONNULL = YES;
				CLANG_ANALYZER_NUMBER_OBJECT_CONVERSION = YES_AGGRESSIVE;
				CLANG_CXX_LANGUAGE_STANDARD = "gnu++17";
				CLANG_ENABLE_MODULES = YES;
				CLANG_ENABLE_OBJC_ARC = YES;
				CLANG_ENABLE_OBJC_WEAK = YES;
				CLANG_WARN_BLOCK_CAPTURE_AUTORELEASING = YES;
				CLANG_WARN_BOOL_CONVERSION = YES;
				CLANG_WARN_COMMA = YES;
				CLANG_WARN_CONSTANT_CONVERSION = YES;
				CLANG_WARN_DEPRECATED_OBJC_IMPLEMENTATIONS = YES;
				CLANG_WARN_DIRECT_OBJC_ISA_USAGE = YES_ERROR;
				CLANG_WARN_DOCUMENTATION_COMMENTS = YES;
				CLANG_WARN_EMPTY_BODY = YES;
				CLANG_WARN_ENUM_CONVERSION = YES;
				CLANG_WARN_INFINITE_RECURSION = YES;
				CLANG_WARN_INT_CONVERSION = YES;
				CLANG_WARN_NON_LITERAL_NULL_CONVERSION = YES;
				CLANG_WARN_OBJC_IMPLICIT_RETAIN_SELF = YES;
				CLANG_WARN_OBJC_LITERAL_CONVERSION = YES;
				CLANG_WARN_OBJC_ROOT_CLASS = YES_ERROR;
				CLANG_WARN_QUOTED_INCLUDE_IN_FRAMEWORK_HEADER = YES;
				CLANG_WARN_RANGE_LOOP_ANALYSIS = YES;
				CLANG_WARN_STRICT_PROTOTYPES = YES;
				CLANG_WARN_SUSPICIOUS_MOVE = YES;
				CLANG_WARN_UNGUARDED_AVAILABILITY = YES_AGGRESSIVE;
				CLANG_WARN_UNREACHABLE_CODE = YES;
				CLANG_WARN__DUPLICATE_METHOD_MATCH = YES;
				COPY_PHASE_STRIP = NO;
				DEBUG_INFORMATION_FORMAT = "dwarf-with-dsym";
				ENABLE_NS_ASSERTIONS = NO;
				ENABLE_STRICT_OBJC_MSGSEND = YES;
				GCC_C_LANGUAGE_STANDARD = gnu11;
				GCC_NO_COMMON_BLOCKS = YES;
				GCC_WARN_64_TO_32_BIT_CONVERSION = YES;
				GCC_WARN_ABOUT_RETURN_TYPE = YES_ERROR;
				GCC_WARN_UNDECLARED_SELECTOR = YES;
				GCC_WARN_UNINITIALIZED_AUTOS = YES_AGGRESSIVE;
				GCC_WARN_UNUSED_FUNCTION = YES;
				GCC_WARN_UNUSED_VARIABLE = YES;
				IPHONEOS_DEPLOYMENT_TARGET = 15.5;
				MTL_ENABLE_DEBUG_INFO = NO;
				MTL_FAST_MATH = YES;
				SDKROOT = iphoneos;
				SWIFT_COMPILATION_MODE = wholemodule;
				SWIFT_OPTIMIZATION_LEVEL = "-O";
				VALIDATE_PRODUCT = YES;
			};
			name = Release;
		};
		3805A81128A264E0009A34A3 /* Debug */ = {
			isa = XCBuildConfiguration;
			buildSettings = {
				ASSETCATALOG_COMPILER_APPICON_NAME = AppIcon;
				ASSETCATALOG_COMPILER_GLOBAL_ACCENT_COLOR_NAME = AccentColor;
				CODE_SIGN_STYLE = Automatic;
				CURRENT_PROJECT_VERSION = 1;
				DEVELOPMENT_TEAM = 82DRSFKFS9;
				GENERATE_INFOPLIST_FILE = YES;
				INFOPLIST_FILE = UIKitDev_New/Info.plist;
				INFOPLIST_KEY_UIApplicationSupportsIndirectInputEvents = YES;
				INFOPLIST_KEY_UILaunchStoryboardName = LaunchScreen;
				INFOPLIST_KEY_UISupportedInterfaceOrientations_iPad = "UIInterfaceOrientationPortrait UIInterfaceOrientationPortraitUpsideDown UIInterfaceOrientationLandscapeLeft UIInterfaceOrientationLandscapeRight";
				INFOPLIST_KEY_UISupportedInterfaceOrientations_iPhone = "UIInterfaceOrientationPortrait UIInterfaceOrientationLandscapeLeft UIInterfaceOrientationLandscapeRight";
				LD_RUNPATH_SEARCH_PATHS = (
					"$(inherited)",
					"@executable_path/Frameworks",
				);
				MARKETING_VERSION = 1.0;
				PRODUCT_BUNDLE_IDENTIFIER = "com.jisoo.UIKitDev-New";
				PRODUCT_NAME = "$(TARGET_NAME)";
				SWIFT_EMIT_LOC_STRINGS = YES;
				SWIFT_VERSION = 5.0;
				TARGETED_DEVICE_FAMILY = 2;
			};
			name = Debug;
		};
		3805A81228A264E0009A34A3 /* Release */ = {
			isa = XCBuildConfiguration;
			buildSettings = {
				ASSETCATALOG_COMPILER_APPICON_NAME = AppIcon;
				ASSETCATALOG_COMPILER_GLOBAL_ACCENT_COLOR_NAME = AccentColor;
				CODE_SIGN_STYLE = Automatic;
				CURRENT_PROJECT_VERSION = 1;
				DEVELOPMENT_TEAM = 82DRSFKFS9;
				GENERATE_INFOPLIST_FILE = YES;
				INFOPLIST_FILE = UIKitDev_New/Info.plist;
				INFOPLIST_KEY_UIApplicationSupportsIndirectInputEvents = YES;
				INFOPLIST_KEY_UILaunchStoryboardName = LaunchScreen;
				INFOPLIST_KEY_UISupportedInterfaceOrientations_iPad = "UIInterfaceOrientationPortrait UIInterfaceOrientationPortraitUpsideDown UIInterfaceOrientationLandscapeLeft UIInterfaceOrientationLandscapeRight";
				INFOPLIST_KEY_UISupportedInterfaceOrientations_iPhone = "UIInterfaceOrientationPortrait UIInterfaceOrientationLandscapeLeft UIInterfaceOrientationLandscapeRight";
				LD_RUNPATH_SEARCH_PATHS = (
					"$(inherited)",
					"@executable_path/Frameworks",
				);
				MARKETING_VERSION = 1.0;
				PRODUCT_BUNDLE_IDENTIFIER = "com.jisoo.UIKitDev-New";
				PRODUCT_NAME = "$(TARGET_NAME)";
				SWIFT_EMIT_LOC_STRINGS = YES;
				SWIFT_VERSION = 5.0;
				TARGETED_DEVICE_FAMILY = 2;
			};
			name = Release;
		};
/* End XCBuildConfiguration section */

/* Begin XCConfigurationList section */
		3805A7F728A264DF009A34A3 /* Build configuration list for PBXProject "UIKitDev_New" */ = {
			isa = XCConfigurationList;
			buildConfigurations = (
				3805A80E28A264E0009A34A3 /* Debug */,
				3805A80F28A264E0009A34A3 /* Release */,
			);
			defaultConfigurationIsVisible = 0;
			defaultConfigurationName = Release;
		};
		3805A81028A264E0009A34A3 /* Build configuration list for PBXNativeTarget "UIKitDev_New" */ = {
			isa = XCConfigurationList;
			buildConfigurations = (
				3805A81128A264E0009A34A3 /* Debug */,
				3805A81228A264E0009A34A3 /* Release */,
			);
			defaultConfigurationIsVisible = 0;
			defaultConfigurationName = Release;
		};
/* End XCConfigurationList section */

/* Begin XCRemoteSwiftPackageReference section */
		381AB44129115DBF00620635 /* XCRemoteSwiftPackageReference "lottie-ios" */ = {
			isa = XCRemoteSwiftPackageReference;
			repositoryURL = "https://github.com/airbnb/lottie-ios";
			requirement = {
				kind = upToNextMajorVersion;
				minimumVersion = 3.0.0;
			};
		};
/* End XCRemoteSwiftPackageReference section */

/* Begin XCSwiftPackageProductDependency section */
		381AB44229115DBF00620635 /* Lottie */ = {
			isa = XCSwiftPackageProductDependency;
			package = 381AB44129115DBF00620635 /* XCRemoteSwiftPackageReference "lottie-ios" */;
			productName = Lottie;
		};
/* End XCSwiftPackageProductDependency section */
	};
	rootObject = 3805A7F428A264DF009A34A3 /* Project object */;
}
